// !$*UTF8*$!
{
	archiveVersion = 1;
	classes = {
	};
	objectVersion = 77;
	objects = {

/* Begin PBXContainerItemProxy section */
		D08841892CE90DF500238CBF /* PBXContainerItemProxy */ = {
			isa = PBXContainerItemProxy;
			containerPortal = D08841702CE90DF300238CBF /* Project object */;
			proxyType = 1;
			remoteGlobalIDString = D08841772CE90DF300238CBF;
			remoteInfo = SpeechToTextApp;
		};
		D08841932CE90DF500238CBF /* PBXContainerItemProxy */ = {
			isa = PBXContainerItemProxy;
			containerPortal = D08841702CE90DF300238CBF /* Project object */;
			proxyType = 1;
			remoteGlobalIDString = D08841772CE90DF300238CBF;
			remoteInfo = SpeechToTextApp;
		};
/* End PBXContainerItemProxy section */

/* Begin PBXFileReference section */
		D08841782CE90DF300238CBF /* SpeechToTextApp.app */ = {isa = PBXFileReference; explicitFileType = wrapper.application; includeInIndex = 0; path = SpeechToTextApp.app; sourceTree = BUILT_PRODUCTS_DIR; };
		D08841882CE90DF500238CBF /* SpeechToTextAppTests.xctest */ = {isa = PBXFileReference; explicitFileType = wrapper.cfbundle; includeInIndex = 0; path = SpeechToTextAppTests.xctest; sourceTree = BUILT_PRODUCTS_DIR; };
		D08841922CE90DF500238CBF /* SpeechToTextAppUITests.xctest */ = {isa = PBXFileReference; explicitFileType = wrapper.cfbundle; includeInIndex = 0; path = SpeechToTextAppUITests.xctest; sourceTree = BUILT_PRODUCTS_DIR; };
/* End PBXFileReference section */

/* Begin PBXFileSystemSynchronizedRootGroup section */
		D088417A2CE90DF300238CBF /* SpeechToTextApp */ = {
			isa = PBXFileSystemSynchronizedRootGroup;
			path = SpeechToTextApp;
			sourceTree = "<group>";
		};
		D088418B2CE90DF500238CBF /* SpeechToTextAppTests */ = {
			isa = PBXFileSystemSynchronizedRootGroup;
			path = SpeechToTextAppTests;
			sourceTree = "<group>";
		};
		D08841952CE90DF500238CBF /* SpeechToTextAppUITests */ = {
			isa = PBXFileSystemSynchronizedRootGroup;
			path = SpeechToTextAppUITests;
			sourceTree = "<group>";
		};
/* End PBXFileSystemSynchronizedRootGroup section */

/* Begin PBXFrameworksBuildPhase section */
		D08841752CE90DF300238CBF /* Frameworks */ = {
			isa = PBXFrameworksBuildPhase;
			buildActionMask = 2147483647;
			files = (
			);
			runOnlyForDeploymentPostprocessing = 0;
		};
		D08841852CE90DF500238CBF /* Frameworks */ = {
			isa = PBXFrameworksBuildPhase;
			buildActionMask = 2147483647;
			files = (
			);
			runOnlyForDeploymentPostprocessing = 0;
		};
		D088418F2CE90DF500238CBF /* Frameworks */ = {
			isa = PBXFrameworksBuildPhase;
			buildActionMask = 2147483647;
			files = (
			);
			runOnlyForDeploymentPostprocessing = 0;
		};
/* End PBXFrameworksBuildPhase section */

/* Begin PBXGroup section */
		D088416F2CE90DF300238CBF = {
			isa = PBXGroup;
			children = (
				D088417A2CE90DF300238CBF /* SpeechToTextApp */,
				D088418B2CE90DF500238CBF /* SpeechToTextAppTests */,
				D08841952CE90DF500238CBF /* SpeechToTextAppUITests */,
				D08841792CE90DF300238CBF /* Products */,
			);
			sourceTree = "<group>";
		};
		D08841792CE90DF300238CBF /* Products */ = {
			isa = PBXGroup;
			children = (
				D08841782CE90DF300238CBF /* SpeechToTextApp.app */,
				D08841882CE90DF500238CBF /* SpeechToTextAppTests.xctest */,
				D08841922CE90DF500238CBF /* SpeechToTextAppUITests.xctest */,
			);
			name = Products;
			sourceTree = "<group>";
		};
/* End PBXGroup section */

/* Begin PBXNativeTarget section */
		D08841772CE90DF300238CBF /* SpeechToTextApp */ = {
			isa = PBXNativeTarget;
			buildConfigurationList = D088419C2CE90DF500238CBF /* Build configuration list for PBXNativeTarget "SpeechToTextApp" */;
			buildPhases = (
				D08841742CE90DF300238CBF /* Sources */,
				D08841752CE90DF300238CBF /* Frameworks */,
				D08841762CE90DF300238CBF /* Resources */,
			);
			buildRules = (
			);
			dependencies = (
			);
			fileSystemSynchronizedGroups = (
				D088417A2CE90DF300238CBF /* SpeechToTextApp */,
			);
			name = SpeechToTextApp;
			packageProductDependencies = (
			);
			productName = SpeechToTextApp;
			productReference = D08841782CE90DF300238CBF /* SpeechToTextApp.app */;
			productType = "com.apple.product-type.application";
		};
		D08841872CE90DF500238CBF /* SpeechToTextAppTests */ = {
			isa = PBXNativeTarget;
			buildConfigurationList = D088419F2CE90DF500238CBF /* Build configuration list for PBXNativeTarget "SpeechToTextAppTests" */;
			buildPhases = (
				D08841842CE90DF500238CBF /* Sources */,
				D08841852CE90DF500238CBF /* Frameworks */,
				D08841862CE90DF500238CBF /* Resources */,
			);
			buildRules = (
			);
			dependencies = (
				D088418A2CE90DF500238CBF /* PBXTargetDependency */,
			);
			fileSystemSynchronizedGroups = (
				D088418B2CE90DF500238CBF /* SpeechToTextAppTests */,
			);
			name = SpeechToTextAppTests;
			packageProductDependencies = (
			);
			productName = SpeechToTextAppTests;
			productReference = D08841882CE90DF500238CBF /* SpeechToTextAppTests.xctest */;
			productType = "com.apple.product-type.bundle.unit-test";
		};
		D08841912CE90DF500238CBF /* SpeechToTextAppUITests */ = {
			isa = PBXNativeTarget;
			buildConfigurationList = D08841A22CE90DF500238CBF /* Build configuration list for PBXNativeTarget "SpeechToTextAppUITests" */;
			buildPhases = (
				D088418E2CE90DF500238CBF /* Sources */,
				D088418F2CE90DF500238CBF /* Frameworks */,
				D08841902CE90DF500238CBF /* Resources */,
			);
			buildRules = (
			);
			dependencies = (
				D08841942CE90DF500238CBF /* PBXTargetDependency */,
			);
			fileSystemSynchronizedGroups = (
				D08841952CE90DF500238CBF /* SpeechToTextAppUITests */,
			);
			name = SpeechToTextAppUITests;
			packageProductDependencies = (
			);
			productName = SpeechToTextAppUITests;
			productReference = D08841922CE90DF500238CBF /* SpeechToTextAppUITests.xctest */;
			productType = "com.apple.product-type.bundle.ui-testing";
		};
/* End PBXNativeTarget section */

/* Begin PBXProject section */
		D08841702CE90DF300238CBF /* Project object */ = {
			isa = PBXProject;
			attributes = {
				BuildIndependentTargetsInParallel = 1;
				LastSwiftUpdateCheck = 1610;
				LastUpgradeCheck = 1610;
				TargetAttributes = {
					D08841772CE90DF300238CBF = {
						CreatedOnToolsVersion = 16.1;
					};
					D08841872CE90DF500238CBF = {
						CreatedOnToolsVersion = 16.1;
						TestTargetID = D08841772CE90DF300238CBF;
					};
					D08841912CE90DF500238CBF = {
						CreatedOnToolsVersion = 16.1;
						TestTargetID = D08841772CE90DF300238CBF;
					};
				};
			};
			buildConfigurationList = D08841732CE90DF300238CBF /* Build configuration list for PBXProject "SpeechToTextApp" */;
			developmentRegion = en;
			hasScannedForEncodings = 0;
			knownRegions = (
				en,
				Base,
			);
			mainGroup = D088416F2CE90DF300238CBF;
			minimizedProjectReferenceProxies = 1;
			preferredProjectObjectVersion = 77;
			productRefGroup = D08841792CE90DF300238CBF /* Products */;
			projectDirPath = "";
			projectRoot = "";
			targets = (
				D08841772CE90DF300238CBF /* SpeechToTextApp */,
				D08841872CE90DF500238CBF /* SpeechToTextAppTests */,
				D08841912CE90DF500238CBF /* SpeechToTextAppUITests */,
			);
		};
/* End PBXProject section */

/* Begin PBXResourcesBuildPhase section */
		D08841762CE90DF300238CBF /* Resources */ = {
			isa = PBXResourcesBuildPhase;
			buildActionMask = 2147483647;
			files = (
			);
			runOnlyForDeploymentPostprocessing = 0;
		};
		D08841862CE90DF500238CBF /* Resources */ = {
			isa = PBXResourcesBuildPhase;
			buildActionMask = 2147483647;
			files = (
			);
			runOnlyForDeploymentPostprocessing = 0;
		};
		D08841902CE90DF500238CBF /* Resources */ = {
			isa = PBXResourcesBuildPhase;
			buildActionMask = 2147483647;
			files = (
			);
			runOnlyForDeploymentPostprocessing = 0;
		};
/* End PBXResourcesBuildPhase section */

/* Begin PBXSourcesBuildPhase section */
		D08841742CE90DF300238CBF /* Sources */ = {
			isa = PBXSourcesBuildPhase;
			buildActionMask = 2147483647;
			files = (
			);
			runOnlyForDeploymentPostprocessing = 0;
		};
		D08841842CE90DF500238CBF /* Sources */ = {
			isa = PBXSourcesBuildPhase;
			buildActionMask = 2147483647;
			files = (
			);
			runOnlyForDeploymentPostprocessing = 0;
		};
		D088418E2CE90DF500238CBF /* Sources */ = {
			isa = PBXSourcesBuildPhase;
			buildActionMask = 2147483647;
			files = (
			);
			runOnlyForDeploymentPostprocessing = 0;
		};
/* End PBXSourcesBuildPhase section */

/* Begin PBXTargetDependency section */
		D088418A2CE90DF500238CBF /* PBXTargetDependency */ = {
			isa = PBXTargetDependency;
			target = D08841772CE90DF300238CBF /* SpeechToTextApp */;
			targetProxy = D08841892CE90DF500238CBF /* PBXContainerItemProxy */;
		};
		D08841942CE90DF500238CBF /* PBXTargetDependency */ = {
			isa = PBXTargetDependency;
			target = D08841772CE90DF300238CBF /* SpeechToTextApp */;
			targetProxy = D08841932CE90DF500238CBF /* PBXContainerItemProxy */;
		};
/* End PBXTargetDependency section */

/* Begin XCBuildConfiguration section */
		D088419A2CE90DF500238CBF /* Debug */ = {
			isa = XCBuildConfiguration;
			buildSettings = {
				ALWAYS_SEARCH_USER_PATHS = NO;
				ASSETCATALOG_COMPILER_GENERATE_SWIFT_ASSET_SYMBOL_EXTENSIONS = YES;
				CLANG_ANALYZER_NONNULL = YES;
				CLANG_ANALYZER_NUMBER_OBJECT_CONVERSION = YES_AGGRESSIVE;
				CLANG_CXX_LANGUAGE_STANDARD = "gnu++20";
				CLANG_ENABLE_MODULES = YES;
				CLANG_ENABLE_OBJC_ARC = YES;
				CLANG_ENABLE_OBJC_WEAK = YES;
				CLANG_WARN_BLOCK_CAPTURE_AUTORELEASING = YES;
				CLANG_WARN_BOOL_CONVERSION = YES;
				CLANG_WARN_COMMA = YES;
				CLANG_WARN_CONSTANT_CONVERSION = YES;
				CLANG_WARN_DEPRECATED_OBJC_IMPLEMENTATIONS = YES;
				CLANG_WARN_DIRECT_OBJC_ISA_USAGE = YES_ERROR;
				CLANG_WARN_DOCUMENTATION_COMMENTS = YES;
				CLANG_WARN_EMPTY_BODY = YES;
				CLANG_WARN_ENUM_CONVERSION = YES;
				CLANG_WARN_INFINITE_RECURSION = YES;
				CLANG_WARN_INT_CONVERSION = YES;
				CLANG_WARN_NON_LITERAL_NULL_CONVERSION = YES;
				CLANG_WARN_OBJC_IMPLICIT_RETAIN_SELF = YES;
				CLANG_WARN_OBJC_LITERAL_CONVERSION = YES;
				CLANG_WARN_OBJC_ROOT_CLASS = YES_ERROR;
				CLANG_WARN_QUOTED_INCLUDE_IN_FRAMEWORK_HEADER = YES;
				CLANG_WARN_RANGE_LOOP_ANALYSIS = YES;
				CLANG_WARN_STRICT_PROTOTYPES = YES;
				CLANG_WARN_SUSPICIOUS_MOVE = YES;
				CLANG_WARN_UNGUARDED_AVAILABILITY = YES_AGGRESSIVE;
				CLANG_WARN_UNREACHABLE_CODE = YES;
				CLANG_WARN__DUPLICATE_METHOD_MATCH = YES;
				COPY_PHASE_STRIP = NO;
				DEBUG_INFORMATION_FORMAT = dwarf;
				ENABLE_STRICT_OBJC_MSGSEND = YES;
				ENABLE_TESTABILITY = YES;
				ENABLE_USER_SCRIPT_SANDBOXING = YES;
				GCC_C_LANGUAGE_STANDARD = gnu17;
				GCC_DYNAMIC_NO_PIC = NO;
				GCC_NO_COMMON_BLOCKS = YES;
				GCC_OPTIMIZATION_LEVEL = 0;
				GCC_PREPROCESSOR_DEFINITIONS = (
					"DEBUG=1",
					"$(inherited)",
				);
				GCC_WARN_64_TO_32_BIT_CONVERSION = YES;
				GCC_WARN_ABOUT_RETURN_TYPE = YES_ERROR;
				GCC_WARN_UNDECLARED_SELECTOR = YES;
				GCC_WARN_UNINITIALIZED_AUTOS = YES_AGGRESSIVE;
				GCC_WARN_UNUSED_FUNCTION = YES;
				GCC_WARN_UNUSED_VARIABLE = YES;
				IPHONEOS_DEPLOYMENT_TARGET = 18.1;
				LOCALIZATION_PREFERS_STRING_CATALOGS = YES;
				MTL_ENABLE_DEBUG_INFO = INCLUDE_SOURCE;
				MTL_FAST_MATH = YES;
				ONLY_ACTIVE_ARCH = YES;
				SDKROOT = iphoneos;
				SWIFT_ACTIVE_COMPILATION_CONDITIONS = "DEBUG $(inherited)";
				SWIFT_OPTIMIZATION_LEVEL = "-Onone";
			};
			name = Debug;
		};
		D088419B2CE90DF500238CBF /* Release */ = {
			isa = XCBuildConfiguration;
			buildSettings = {
				ALWAYS_SEARCH_USER_PATHS = NO;
				ASSETCATALOG_COMPILER_GENERATE_SWIFT_ASSET_SYMBOL_EXTENSIONS = YES;
				CLANG_ANALYZER_NONNULL = YES;
				CLANG_ANALYZER_NUMBER_OBJECT_CONVERSION = YES_AGGRESSIVE;
				CLANG_CXX_LANGUAGE_STANDARD = "gnu++20";
				CLANG_ENABLE_MODULES = YES;
				CLANG_ENABLE_OBJC_ARC = YES;
				CLANG_ENABLE_OBJC_WEAK = YES;
				CLANG_WARN_BLOCK_CAPTURE_AUTORELEASING = YES;
				CLANG_WARN_BOOL_CONVERSION = YES;
				CLANG_WARN_COMMA = YES;
				CLANG_WARN_CONSTANT_CONVERSION = YES;
				CLANG_WARN_DEPRECATED_OBJC_IMPLEMENTATIONS = YES;
				CLANG_WARN_DIRECT_OBJC_ISA_USAGE = YES_ERROR;
				CLANG_WARN_DOCUMENTATION_COMMENTS = YES;
				CLANG_WARN_EMPTY_BODY = YES;
				CLANG_WARN_ENUM_CONVERSION = YES;
				CLANG_WARN_INFINITE_RECURSION = YES;
				CLANG_WARN_INT_CONVERSION = YES;
				CLANG_WARN_NON_LITERAL_NULL_CONVERSION = YES;
				CLANG_WARN_OBJC_IMPLICIT_RETAIN_SELF = YES;
				CLANG_WARN_OBJC_LITERAL_CONVERSION = YES;
				CLANG_WARN_OBJC_ROOT_CLASS = YES_ERROR;
				CLANG_WARN_QUOTED_INCLUDE_IN_FRAMEWORK_HEADER = YES;
				CLANG_WARN_RANGE_LOOP_ANALYSIS = YES;
				CLANG_WARN_STRICT_PROTOTYPES = YES;
				CLANG_WARN_SUSPICIOUS_MOVE = YES;
				CLANG_WARN_UNGUARDED_AVAILABILITY = YES_AGGRESSIVE;
				CLANG_WARN_UNREACHABLE_CODE = YES;
				CLANG_WARN__DUPLICATE_METHOD_MATCH = YES;
				COPY_PHASE_STRIP = NO;
				DEBUG_INFORMATION_FORMAT = "dwarf-with-dsym";
				ENABLE_NS_ASSERTIONS = NO;
				ENABLE_STRICT_OBJC_MSGSEND = YES;
				ENABLE_USER_SCRIPT_SANDBOXING = YES;
				GCC_C_LANGUAGE_STANDARD = gnu17;
				GCC_NO_COMMON_BLOCKS = YES;
				GCC_WARN_64_TO_32_BIT_CONVERSION = YES;
				GCC_WARN_ABOUT_RETURN_TYPE = YES_ERROR;
				GCC_WARN_UNDECLARED_SELECTOR = YES;
				GCC_WARN_UNINITIALIZED_AUTOS = YES_AGGRESSIVE;
				GCC_WARN_UNUSED_FUNCTION = YES;
				GCC_WARN_UNUSED_VARIABLE = YES;
				IPHONEOS_DEPLOYMENT_TARGET = 18.1;
				LOCALIZATION_PREFERS_STRING_CATALOGS = YES;
				MTL_ENABLE_DEBUG_INFO = NO;
				MTL_FAST_MATH = YES;
				SDKROOT = iphoneos;
				SWIFT_COMPILATION_MODE = wholemodule;
				VALIDATE_PRODUCT = YES;
			};
			name = Release;
		};
		D088419D2CE90DF500238CBF /* Debug */ = {
			isa = XCBuildConfiguration;
			buildSettings = {
				ASSETCATALOG_COMPILER_APPICON_NAME = AppIcon;
				ASSETCATALOG_COMPILER_GLOBAL_ACCENT_COLOR_NAME = AccentColor;
				CODE_SIGN_STYLE = Automatic;
				CURRENT_PROJECT_VERSION = 1;
				DEVELOPMENT_ASSET_PATHS = "\"SpeechToTextApp/Preview Content\"";
				DEVELOPMENT_TEAM = 7Z6V95G685;
				ENABLE_PREVIEWS = YES;
				GENERATE_INFOPLIST_FILE = YES;
				INFOPLIST_KEY_NSMicrophoneUsageDescription = "“We need access to the microphone to recognize speech.”";
				INFOPLIST_KEY_NSSpeechRecognitionUsageDescription = "this app need the speech permission to speak words";
				INFOPLIST_KEY_UIApplicationSceneManifest_Generation = YES;
				INFOPLIST_KEY_UIApplicationSupportsIndirectInputEvents = YES;
				INFOPLIST_KEY_UILaunchScreen_Generation = YES;
				INFOPLIST_KEY_UISupportedInterfaceOrientations_iPad = "UIInterfaceOrientationPortrait UIInterfaceOrientationPortraitUpsideDown UIInterfaceOrientationLandscapeLeft UIInterfaceOrientationLandscapeRight";
				INFOPLIST_KEY_UISupportedInterfaceOrientations_iPhone = "UIInterfaceOrientationPortrait UIInterfaceOrientationLandscapeLeft UIInterfaceOrientationLandscapeRight";
				LD_RUNPATH_SEARCH_PATHS = (
					"$(inherited)",
					"@executable_path/Frameworks",
				);
				MARKETING_VERSION = 1.0;
				PRODUCT_BUNDLE_IDENTIFIER = com.ahmedRagab.SpeechToTextApp;
				PRODUCT_NAME = "$(TARGET_NAME)";
				SWIFT_EMIT_LOC_STRINGS = YES;
				SWIFT_VERSION = 5.0;
				TARGETED_DEVICE_FAMILY = "1,2";
			};
			name = Debug;
		};
		D088419E2CE90DF500238CBF /* Release */ = {
			isa = XCBuildConfiguration;
			buildSettings = {
				ASSETCATALOG_COMPILER_APPICON_NAME = AppIcon;
				ASSETCATALOG_COMPILER_GLOBAL_ACCENT_COLOR_NAME = AccentColor;
				CODE_SIGN_STYLE = Automatic;
				CURRENT_PROJECT_VERSION = 1;
				DEVELOPMENT_ASSET_PATHS = "\"SpeechToTextApp/Preview Content\"";
				DEVELOPMENT_TEAM = 7Z6V95G685;
				ENABLE_PREVIEWS = YES;
				GENERATE_INFOPLIST_FILE = YES;
				INFOPLIST_KEY_NSMicrophoneUsageDescription = "“We need access to the microphone to recognize speech.”";
				INFOPLIST_KEY_NSSpeechRecognitionUsageDescription = "this app need the speech permission to speak words";
				INFOPLIST_KEY_UIApplicationSceneManifest_Generation = YES;
				INFOPLIST_KEY_UIApplicationSupportsIndirectInputEvents = YES;
				INFOPLIST_KEY_UILaunchScreen_Generation = YES;
				INFOPLIST_KEY_UISupportedInterfaceOrientations_iPad = "UIInterfaceOrientationPortrait UIInterfaceOrientationPortraitUpsideDown UIInterfaceOrientationLandscapeLeft UIInterfaceOrientationLandscapeRight";
				INFOPLIST_KEY_UISupportedInterfaceOrientations_iPhone = "UIInterfaceOrientationPortrait UIInterfaceOrientationLandscapeLeft UIInterfaceOrientationLandscapeRight";
				LD_RUNPATH_SEARCH_PATHS = (
					"$(inherited)",
					"@executable_path/Frameworks",
				);
				MARKETING_VERSION = 1.0;
				PRODUCT_BUNDLE_IDENTIFIER = com.ahmedRagab.SpeechToTextApp;
				PRODUCT_NAME = "$(TARGET_NAME)";
				SWIFT_EMIT_LOC_STRINGS = YES;
				SWIFT_VERSION = 5.0;
				TARGETED_DEVICE_FAMILY = "1,2";
			};
			name = Release;
		};
		D08841A02CE90DF500238CBF /* Debug */ = {
			isa = XCBuildConfiguration;
			buildSettings = {
				BUNDLE_LOADER = "$(TEST_HOST)";
				CODE_SIGN_STYLE = Automatic;
				CURRENT_PROJECT_VERSION = 1;
				DEVELOPMENT_TEAM = 7Z6V95G685;
				GENERATE_INFOPLIST_FILE = YES;
				IPHONEOS_DEPLOYMENT_TARGET = 18.1;
				MARKETING_VERSION = 1.0;
				PRODUCT_BUNDLE_IDENTIFIER = com.ahmedRagab.SpeechToTextAppTests;
				PRODUCT_NAME = "$(TARGET_NAME)";
				SWIFT_EMIT_LOC_STRINGS = NO;
				SWIFT_VERSION = 5.0;
				TARGETED_DEVICE_FAMILY = "1,2";
				TEST_HOST = "$(BUILT_PRODUCTS_DIR)/SpeechToTextApp.app/$(BUNDLE_EXECUTABLE_FOLDER_PATH)/SpeechToTextApp";
			};
			name = Debug;
		};
		D08841A12CE90DF500238CBF /* Release */ = {
			isa = XCBuildConfiguration;
			buildSettings = {
				BUNDLE_LOADER = "$(TEST_HOST)";
				CODE_SIGN_STYLE = Automatic;
				CURRENT_PROJECT_VERSION = 1;
				DEVELOPMENT_TEAM = 7Z6V95G685;
				GENERATE_INFOPLIST_FILE = YES;
				IPHONEOS_DEPLOYMENT_TARGET = 18.1;
				MARKETING_VERSION = 1.0;
				PRODUCT_BUNDLE_IDENTIFIER = com.ahmedRagab.SpeechToTextAppTests;
				PRODUCT_NAME = "$(TARGET_NAME)";
				SWIFT_EMIT_LOC_STRINGS = NO;
				SWIFT_VERSION = 5.0;
				TARGETED_DEVICE_FAMILY = "1,2";
				TEST_HOST = "$(BUILT_PRODUCTS_DIR)/SpeechToTextApp.app/$(BUNDLE_EXECUTABLE_FOLDER_PATH)/SpeechToTextApp";
			};
			name = Release;
		};
		D08841A32CE90DF500238CBF /* Debug */ = {
			isa = XCBuildConfiguration;
			buildSettings = {
				CODE_SIGN_STYLE = Automatic;
				CURRENT_PROJECT_VERSION = 1;
				DEVELOPMENT_TEAM = 7Z6V95G685;
				GENERATE_INFOPLIST_FILE = YES;
				MARKETING_VERSION = 1.0;
				PRODUCT_BUNDLE_IDENTIFIER = com.ahmedRagab.SpeechToTextAppUITests;
				PRODUCT_NAME = "$(TARGET_NAME)";
				SWIFT_EMIT_LOC_STRINGS = NO;
				SWIFT_VERSION = 5.0;
				TARGETED_DEVICE_FAMILY = "1,2";
				TEST_TARGET_NAME = SpeechToTextApp;
			};
			name = Debug;
		};
		D08841A42CE90DF500238CBF /* Release */ = {
			isa = XCBuildConfiguration;
			buildSettings = {
				CODE_SIGN_STYLE = Automatic;
				CURRENT_PROJECT_VERSION = 1;
				DEVELOPMENT_TEAM = 7Z6V95G685;
				GENERATE_INFOPLIST_FILE = YES;
				MARKETING_VERSION = 1.0;
				PRODUCT_BUNDLE_IDENTIFIER = com.ahmedRagab.SpeechToTextAppUITests;
				PRODUCT_NAME = "$(TARGET_NAME)";
				SWIFT_EMIT_LOC_STRINGS = NO;
				SWIFT_VERSION = 5.0;
				TARGETED_DEVICE_FAMILY = "1,2";
				TEST_TARGET_NAME = SpeechToTextApp;
			};
			name = Release;
		};
/* End XCBuildConfiguration section */

/* Begin XCConfigurationList section */
		D08841732CE90DF300238CBF /* Build configuration list for PBXProject "SpeechToTextApp" */ = {
			isa = XCConfigurationList;
			buildConfigurations = (
				D088419A2CE90DF500238CBF /* Debug */,
				D088419B2CE90DF500238CBF /* Release */,
			);
			defaultConfigurationIsVisible = 0;
			defaultConfigurationName = Release;
		};
		D088419C2CE90DF500238CBF /* Build configuration list for PBXNativeTarget "SpeechToTextApp" */ = {
			isa = XCConfigurationList;
			buildConfigurations = (
				D088419D2CE90DF500238CBF /* Debug */,
				D088419E2CE90DF500238CBF /* Release */,
			);
			defaultConfigurationIsVisible = 0;
			defaultConfigurationName = Release;
		};
		D088419F2CE90DF500238CBF /* Build configuration list for PBXNativeTarget "SpeechToTextAppTests" */ = {
			isa = XCConfigurationList;
			buildConfigurations = (
				D08841A02CE90DF500238CBF /* Debug */,
				D08841A12CE90DF500238CBF /* Release */,
			);
			defaultConfigurationIsVisible = 0;
			defaultConfigurationName = Release;
		};
		D08841A22CE90DF500238CBF /* Build configuration list for PBXNativeTarget "SpeechToTextAppUITests" */ = {
			isa = XCConfigurationList;
			buildConfigurations = (
				D08841A32CE90DF500238CBF /* Debug */,
				D08841A42CE90DF500238CBF /* Release */,
			);
			defaultConfigurationIsVisible = 0;
			defaultConfigurationName = Release;
		};
/* End XCConfigurationList section */
	};
	rootObject = D08841702CE90DF300238CBF /* Project object */;
}
